
Microsoft Visual Studio Solution File, Format Version 12.00
# Visual Studio Version 17
VisualStudioVersion = 17.11.35222.181
MinimumVisualStudioVersion = 10.0.40219.1
Project("{888888A0-9F3D-457C-B088-3A5042F75D52}") = "Muskellunge_Assignment10", "Muskellunge_Assignment10\Muskellunge_Assignment10.pyproj", "{F8E05E6F-2C33-4C24-9A1B-C0FE6C890B4A}"
EndProject
Global
	GlobalSection(SolutionConfigurationPlatforms) = preSolution
		Debug|Any CPU = Debug|Any CPU
		Release|Any CPU = Release|Any CPU
	EndGlobalSection
	GlobalSection(ProjectConfigurationPlatforms) = postSolution
		{F8E05E6F-2C33-4C24-9A1B-C0FE6C890B4A}.Debug|Any CPU.ActiveCfg = Debug|Any CPU
		{F8E05E6F-2C33-4C24-9A1B-C0FE6C890B4A}.Release|Any CPU.ActiveCfg = Release|Any CPU
	EndGlobalSection
	GlobalSection(SolutionProperties) = preSolution
		HideSolutionNode = FALSE
	EndGlobalSection
	GlobalSection(ExtensibilityGlobals) = postSolution
		SolutionGuid = {735CCF0B-6A4B-4466-BC20-55F100E70B16}
	EndGlobalSection
EndGlobal
